// !$*UTF8*$!
{
	archiveVersion = 1;
	classes = {
	};
	objectVersion = 46;
	objects = {

/* Begin PBXBuildFile section */
		CCA7D1B31A7C79E5009D4EDF /* Foundation.framework in Frameworks */ = {isa = PBXBuildFile; fileRef = CCA7D1B21A7C79E5009D4EDF /* Foundation.framework */; };
		CCA7D1B51A7C79E5009D4EDF /* CoreGraphics.framework in Frameworks */ = {isa = PBXBuildFile; fileRef = CCA7D1B41A7C79E5009D4EDF /* CoreGraphics.framework */; };
		CCA7D1B71A7C79E5009D4EDF /* UIKit.framework in Frameworks */ = {isa = PBXBuildFile; fileRef = CCA7D1B61A7C79E5009D4EDF /* UIKit.framework */; };
		CCA7D1BD1A7C79E5009D4EDF /* InfoPlist.strings in Resources */ = {isa = PBXBuildFile; fileRef = CCA7D1BB1A7C79E5009D4EDF /* InfoPlist.strings */; };
		CCA7D1BF1A7C79E5009D4EDF /* main.m in Sources */ = {isa = PBXBuildFile; fileRef = CCA7D1BE1A7C79E5009D4EDF /* main.m */; };
		CCA7D1C31A7C79E5009D4EDF /* QYAppDelegate.m in Sources */ = {isa = PBXBuildFile; fileRef = CCA7D1C21A7C79E5009D4EDF /* QYAppDelegate.m */; };
		CCA7D1C61A7C79E5009D4EDF /* Main.storyboard in Resources */ = {isa = PBXBuildFile; fileRef = CCA7D1C41A7C79E5009D4EDF /* Main.storyboard */; };
		CCA7D1C91A7C79E5009D4EDF /* QYViewController.m in Sources */ = {isa = PBXBuildFile; fileRef = CCA7D1C81A7C79E5009D4EDF /* QYViewController.m */; };
		CCA7D1CB1A7C79E5009D4EDF /* Images.xcassets in Resources */ = {isa = PBXBuildFile; fileRef = CCA7D1CA1A7C79E5009D4EDF /* Images.xcassets */; };
		CCA7D1D21A7C79E5009D4EDF /* XCTest.framework in Frameworks */ = {isa = PBXBuildFile; fileRef = CCA7D1D11A7C79E5009D4EDF /* XCTest.framework */; };
		CCA7D1D31A7C79E5009D4EDF /* Foundation.framework in Frameworks */ = {isa = PBXBuildFile; fileRef = CCA7D1B21A7C79E5009D4EDF /* Foundation.framework */; };
		CCA7D1D41A7C79E5009D4EDF /* UIKit.framework in Frameworks */ = {isa = PBXBuildFile; fileRef = CCA7D1B61A7C79E5009D4EDF /* UIKit.framework */; };
		CCA7D1DC1A7C79E5009D4EDF /* InfoPlist.strings in Resources */ = {isa = PBXBuildFile; fileRef = CCA7D1DA1A7C79E5009D4EDF /* InfoPlist.strings */; };
		CCA7D1DE1A7C79E5009D4EDF /* HelloDemoTests.m in Sources */ = {isa = PBXBuildFile; fileRef = CCA7D1DD1A7C79E5009D4EDF /* HelloDemoTests.m */; };
/* End PBXBuildFile section */

/* Begin PBXContainerItemProxy section */
		CCA7D1D51A7C79E5009D4EDF /* PBXContainerItemProxy */ = {
			isa = PBXContainerItemProxy;
			containerPortal = CCA7D1A71A7C79E4009D4EDF /* Project object */;
			proxyType = 1;
			remoteGlobalIDString = CCA7D1AE1A7C79E5009D4EDF;
			remoteInfo = HelloDemo;
		};
/* End PBXContainerItemProxy section */

/* Begin PBXFileReference section */
		CCA7D1AF1A7C79E5009D4EDF /* HelloDemo.app */ = {isa = PBXFileReference; explicitFileType = wrapper.application; includeInIndex = 0; path = HelloDemo.app; sourceTree = BUILT_PRODUCTS_DIR; };
		CCA7D1B21A7C79E5009D4EDF /* Foundation.framework */ = {isa = PBXFileReference; lastKnownFileType = wrapper.framework; name = Foundation.framework; path = System/Library/Frameworks/Foundation.framework; sourceTree = SDKROOT; };
		CCA7D1B41A7C79E5009D4EDF /* CoreGraphics.framework */ = {isa = PBXFileReference; lastKnownFileType = wrapper.framework; name = CoreGraphics.framework; path = System/Library/Frameworks/CoreGraphics.framework; sourceTree = SDKROOT; };
		CCA7D1B61A7C79E5009D4EDF /* UIKit.framework */ = {isa = PBXFileReference; lastKnownFileType = wrapper.framework; name = UIKit.framework; path = System/Library/Frameworks/UIKit.framework; sourceTree = SDKROOT; };
		CCA7D1BA1A7C79E5009D4EDF /* HelloDemo-Info.plist */ = {isa = PBXFileReference; lastKnownFileType = text.plist.xml; path = "HelloDemo-Info.plist"; sourceTree = "<group>"; };
		CCA7D1BC1A7C79E5009D4EDF /* en */ = {isa = PBXFileReference; lastKnownFileType = text.plist.strings; name = en; path = en.lproj/InfoPlist.strings; sourceTree = "<group>"; };
		CCA7D1BE1A7C79E5009D4EDF /* main.m */ = {isa = PBXFileReference; lastKnownFileType = sourcecode.c.objc; path = main.m; sourceTree = "<group>"; };
		CCA7D1C01A7C79E5009D4EDF /* HelloDemo-Prefix.pch */ = {isa = PBXFileReference; lastKnownFileType = sourcecode.c.h; path = "HelloDemo-Prefix.pch"; sourceTree = "<group>"; };
		CCA7D1C11A7C79E5009D4EDF /* QYAppDelegate.h */ = {isa = PBXFileReference; lastKnownFileType = sourcecode.c.h; path = QYAppDelegate.h; sourceTree = "<group>"; };
		CCA7D1C21A7C79E5009D4EDF /* QYAppDelegate.m */ = {isa = PBXFileReference; lastKnownFileType = sourcecode.c.objc; path = QYAppDelegate.m; sourceTree = "<group>"; };
		CCA7D1C51A7C79E5009D4EDF /* Base */ = {isa = PBXFileReference; lastKnownFileType = file.storyboard; name = Base; path = Base.lproj/Main.storyboard; sourceTree = "<group>"; };
		CCA7D1C71A7C79E5009D4EDF /* QYViewController.h */ = {isa = PBXFileReference; lastKnownFileType = sourcecode.c.h; path = QYViewController.h; sourceTree = "<group>"; };
		CCA7D1C81A7C79E5009D4EDF /* QYViewController.m */ = {isa = PBXFileReference; lastKnownFileType = sourcecode.c.objc; path = QYViewController.m; sourceTree = "<group>"; };
		CCA7D1CA1A7C79E5009D4EDF /* Images.xcassets */ = {isa = PBXFileReference; lastKnownFileType = folder.assetcatalog; path = Images.xcassets; sourceTree = "<group>"; };
		CCA7D1D01A7C79E5009D4EDF /* HelloDemoTests.xctest */ = {isa = PBXFileReference; explicitFileType = wrapper.cfbundle; includeInIndex = 0; path = HelloDemoTests.xctest; sourceTree = BUILT_PRODUCTS_DIR; };
		CCA7D1D11A7C79E5009D4EDF /* XCTest.framework */ = {isa = PBXFileReference; lastKnownFileType = wrapper.framework; name = XCTest.framework; path = Library/Frameworks/XCTest.framework; sourceTree = DEVELOPER_DIR; };
		CCA7D1D91A7C79E5009D4EDF /* HelloDemoTests-Info.plist */ = {isa = PBXFileReference; lastKnownFileType = text.plist.xml; path = "HelloDemoTests-Info.plist"; sourceTree = "<group>"; };
		CCA7D1DB1A7C79E5009D4EDF /* en */ = {isa = PBXFileReference; lastKnownFileType = text.plist.strings; name = en; path = en.lproj/InfoPlist.strings; sourceTree = "<group>"; };
		CCA7D1DD1A7C79E5009D4EDF /* HelloDemoTests.m */ = {isa = PBXFileReference; lastKnownFileType = sourcecode.c.objc; path = HelloDemoTests.m; sourceTree = "<group>"; };
/* End PBXFileReference section */

/* Begin PBXFrameworksBuildPhase section */
		CCA7D1AC1A7C79E5009D4EDF /* Frameworks */ = {
			isa = PBXFrameworksBuildPhase;
			buildActionMask = 2147483647;
			files = (
				CCA7D1B51A7C79E5009D4EDF /* CoreGraphics.framework in Frameworks */,
				CCA7D1B71A7C79E5009D4EDF /* UIKit.framework in Frameworks */,
				CCA7D1B31A7C79E5009D4EDF /* Foundation.framework in Frameworks */,
			);
			runOnlyForDeploymentPostprocessing = 0;
		};
		CCA7D1CD1A7C79E5009D4EDF /* Frameworks */ = {
			isa = PBXFrameworksBuildPhase;
			buildActionMask = 2147483647;
			files = (
				CCA7D1D21A7C79E5009D4EDF /* XCTest.framework in Frameworks */,
				CCA7D1D41A7C79E5009D4EDF /* UIKit.framework in Frameworks */,
				CCA7D1D31A7C79E5009D4EDF /* Foundation.framework in Frameworks */,
			);
			runOnlyForDeploymentPostprocessing = 0;
		};
/* End PBXFrameworksBuildPhase section */

/* Begin PBXGroup section */
		CCA7D1A61A7C79E4009D4EDF = {
			isa = PBXGroup;
			children = (
				CCA7D1B81A7C79E5009D4EDF /* HelloDemo */,
				CCA7D1D71A7C79E5009D4EDF /* HelloDemoTests */,
				CCA7D1B11A7C79E5009D4EDF /* Frameworks */,
				CCA7D1B01A7C79E5009D4EDF /* Products */,
			);
			sourceTree = "<group>";
		};
		CCA7D1B01A7C79E5009D4EDF /* Products */ = {
			isa = PBXGroup;
			children = (
				CCA7D1AF1A7C79E5009D4EDF /* HelloDemo.app */,
				CCA7D1D01A7C79E5009D4EDF /* HelloDemoTests.xctest */,
			);
			name = Products;
			sourceTree = "<group>";
		};
		CCA7D1B11A7C79E5009D4EDF /* Frameworks */ = {
			isa = PBXGroup;
			children = (
				CCA7D1B21A7C79E5009D4EDF /* Foundation.framework */,
				CCA7D1B41A7C79E5009D4EDF /* CoreGraphics.framework */,
				CCA7D1B61A7C79E5009D4EDF /* UIKit.framework */,
				CCA7D1D11A7C79E5009D4EDF /* XCTest.framework */,
			);
			name = Frameworks;
			sourceTree = "<group>";
		};
		CCA7D1B81A7C79E5009D4EDF /* HelloDemo */ = {
			isa = PBXGroup;
			children = (
				CCFC26CC1A7CB4A10056F8AF /* New Group */,
				CCA7D1C11A7C79E5009D4EDF /* QYAppDelegate.h */,
				CCA7D1C21A7C79E5009D4EDF /* QYAppDelegate.m */,
				CCA7D1C41A7C79E5009D4EDF /* Main.storyboard */,
				CCA7D1C71A7C79E5009D4EDF /* QYViewController.h */,
				CCA7D1C81A7C79E5009D4EDF /* QYViewController.m */,
				CCA7D1CA1A7C79E5009D4EDF /* Images.xcassets */,
				CCA7D1B91A7C79E5009D4EDF /* Supporting Files */,
			);
			path = HelloDemo;
			sourceTree = "<group>";
		};
		CCA7D1B91A7C79E5009D4EDF /* Supporting Files */ = {
			isa = PBXGroup;
			children = (
				CCA7D1BA1A7C79E5009D4EDF /* HelloDemo-Info.plist */,
				CCA7D1BB1A7C79E5009D4EDF /* InfoPlist.strings */,
				CCA7D1BE1A7C79E5009D4EDF /* main.m */,
				CCA7D1C01A7C79E5009D4EDF /* HelloDemo-Prefix.pch */,
			);
			name = "Supporting Files";
			sourceTree = "<group>";
		};
		CCA7D1D71A7C79E5009D4EDF /* HelloDemoTests */ = {
			isa = PBXGroup;
			children = (
				CCA7D1DD1A7C79E5009D4EDF /* HelloDemoTests.m */,
				CCA7D1D81A7C79E5009D4EDF /* Supporting Files */,
			);
			path = HelloDemoTests;
			sourceTree = "<group>";
		};
		CCA7D1D81A7C79E5009D4EDF /* Supporting Files */ = {
			isa = PBXGroup;
			children = (
				CCA7D1D91A7C79E5009D4EDF /* HelloDemoTests-Info.plist */,
				CCA7D1DA1A7C79E5009D4EDF /* InfoPlist.strings */,
			);
			name = "Supporting Files";
			sourceTree = "<group>";
		};
		CCFC26CC1A7CB4A10056F8AF /* New Group */ = {
			isa = PBXGroup;
			children = (
			);
			name = "New Group";
			sourceTree = "<group>";
		};
/* End PBXGroup section */

/* Begin PBXNativeTarget section */
		CCA7D1AE1A7C79E5009D4EDF /* HelloDemo */ = {
			isa = PBXNativeTarget;
			buildConfigurationList = CCA7D1E11A7C79E5009D4EDF /* Build configuration list for PBXNativeTarget "HelloDemo" */;
			buildPhases = (
				CCA7D1AB1A7C79E5009D4EDF /* Sources */,
				CCA7D1AC1A7C79E5009D4EDF /* Frameworks */,
				CCA7D1AD1A7C79E5009D4EDF /* Resources */,
			);
			buildRules = (
			);
			dependencies = (
			);
			name = HelloDemo;
			productName = HelloDemo;
			productReference = CCA7D1AF1A7C79E5009D4EDF /* HelloDemo.app */;
			productType = "com.apple.product-type.application";
		};
		CCA7D1CF1A7C79E5009D4EDF /* HelloDemoTests */ = {
			isa = PBXNativeTarget;
			buildConfigurationList = CCA7D1E41A7C79E5009D4EDF /* Build configuration list for PBXNativeTarget "HelloDemoTests" */;
			buildPhases = (
				CCA7D1CC1A7C79E5009D4EDF /* Sources */,
				CCA7D1CD1A7C79E5009D4EDF /* Frameworks */,
				CCA7D1CE1A7C79E5009D4EDF /* Resources */,
			);
			buildRules = (
			);
			dependencies = (
				CCA7D1D61A7C79E5009D4EDF /* PBXTargetDependency */,
			);
			name = HelloDemoTests;
			productName = HelloDemoTests;
			productReference = CCA7D1D01A7C79E5009D4EDF /* HelloDemoTests.xctest */;
			productType = "com.apple.product-type.bundle.unit-test";
		};
/* End PBXNativeTarget section */

/* Begin PBXProject section */
		CCA7D1A71A7C79E4009D4EDF /* Project object */ = {
			isa = PBXProject;
			attributes = {
				CLASSPREFIX = QY;
				LastUpgradeCheck = 0510;
				ORGANIZATIONNAME = hnqingyun.com;
				TargetAttributes = {
					CCA7D1CF1A7C79E5009D4EDF = {
						TestTargetID = CCA7D1AE1A7C79E5009D4EDF;
					};
				};
			};
			buildConfigurationList = CCA7D1AA1A7C79E4009D4EDF /* Build configuration list for PBXProject "HelloDemo" */;
			compatibilityVersion = "Xcode 3.2";
			developmentRegion = English;
			hasScannedForEncodings = 0;
			knownRegions = (
				en,
				Base,
			);
			mainGroup = CCA7D1A61A7C79E4009D4EDF;
			productRefGroup = CCA7D1B01A7C79E5009D4EDF /* Products */;
			projectDirPath = "";
			projectRoot = "";
			targets = (
				CCA7D1AE1A7C79E5009D4EDF /* HelloDemo */,
				CCA7D1CF1A7C79E5009D4EDF /* HelloDemoTests */,
			);
		};
/* End PBXProject section */

/* Begin PBXResourcesBuildPhase section */
		CCA7D1AD1A7C79E5009D4EDF /* Resources */ = {
			isa = PBXResourcesBuildPhase;
			buildActionMask = 2147483647;
			files = (
				CCA7D1CB1A7C79E5009D4EDF /* Images.xcassets in Resources */,
				CCA7D1BD1A7C79E5009D4EDF /* InfoPlist.strings in Resources */,
				CCA7D1C61A7C79E5009D4EDF /* Main.storyboard in Resources */,
			);
			runOnlyForDeploymentPostprocessing = 0;
		};
		CCA7D1CE1A7C79E5009D4EDF /* Resources */ = {
			isa = PBXResourcesBuildPhase;
			buildActionMask = 2147483647;
			files = (
				CCA7D1DC1A7C79E5009D4EDF /* InfoPlist.strings in Resources */,
			);
			runOnlyForDeploymentPostprocessing = 0;
		};
/* End PBXResourcesBuildPhase section */

/* Begin PBXSourcesBuildPhase section */
		CCA7D1AB1A7C79E5009D4EDF /* Sources */ = {
			isa = PBXSourcesBuildPhase;
			buildActionMask = 2147483647;
			files = (
				CCA7D1C31A7C79E5009D4EDF /* QYAppDelegate.m in Sources */,
				CCA7D1BF1A7C79E5009D4EDF /* main.m in Sources */,
				CCA7D1C91A7C79E5009D4EDF /* QYViewController.m in Sources */,
			);
			runOnlyForDeploymentPostprocessing = 0;
		};
		CCA7D1CC1A7C79E5009D4EDF /* Sources */ = {
			isa = PBXSourcesBuildPhase;
			buildActionMask = 2147483647;
			files = (
				CCA7D1DE1A7C79E5009D4EDF /* HelloDemoTests.m in Sources */,
			);
			runOnlyForDeploymentPostprocessing = 0;
		};
/* End PBXSourcesBuildPhase section */

/* Begin PBXTargetDependency section */
		CCA7D1D61A7C79E5009D4EDF /* PBXTargetDependency */ = {
			isa = PBXTargetDependency;
			target = CCA7D1AE1A7C79E5009D4EDF /* HelloDemo */;
			targetProxy = CCA7D1D51A7C79E5009D4EDF /* PBXContainerItemProxy */;
		};
/* End PBXTargetDependency section */

/* Begin PBXVariantGroup section */
		CCA7D1BB1A7C79E5009D4EDF /* InfoPlist.strings */ = {
			isa = PBXVariantGroup;
			children = (
				CCA7D1BC1A7C79E5009D4EDF /* en */,
			);
			name = InfoPlist.strings;
			sourceTree = "<group>";
		};
		CCA7D1C41A7C79E5009D4EDF /* Main.storyboard */ = {
			isa = PBXVariantGroup;
			children = (
				CCA7D1C51A7C79E5009D4EDF /* Base */,
			);
			name = Main.storyboard;
			sourceTree = "<group>";
		};
		CCA7D1DA1A7C79E5009D4EDF /* InfoPlist.strings */ = {
			isa = PBXVariantGroup;
			children = (
				CCA7D1DB1A7C79E5009D4EDF /* en */,
			);
			name = InfoPlist.strings;
			sourceTree = "<group>";
		};
/* End PBXVariantGroup section */

/* Begin XCBuildConfiguration section */
		CCA7D1DF1A7C79E5009D4EDF /* Debug */ = {
			isa = XCBuildConfiguration;
			buildSettings = {
				ALWAYS_SEARCH_USER_PATHS = NO;
				CLANG_CXX_LANGUAGE_STANDARD = "gnu++0x";
				CLANG_CXX_LIBRARY = "libc++";
				CLANG_ENABLE_MODULES = YES;
				CLANG_ENABLE_OBJC_ARC = YES;
				CLANG_WARN_BOOL_CONVERSION = YES;
				CLANG_WARN_CONSTANT_CONVERSION = YES;
				CLANG_WARN_DIRECT_OBJC_ISA_USAGE = YES_ERROR;
				CLANG_WARN_EMPTY_BODY = YES;
				CLANG_WARN_ENUM_CONVERSION = YES;
				CLANG_WARN_INT_CONVERSION = YES;
				CLANG_WARN_OBJC_ROOT_CLASS = YES_ERROR;
				CLANG_WARN__DUPLICATE_METHOD_MATCH = YES;
				"CODE_SIGN_IDENTITY[sdk=iphoneos*]" = "iPhone Developer";
				COPY_PHASE_STRIP = NO;
				GCC_C_LANGUAGE_STANDARD = gnu99;
				GCC_DYNAMIC_NO_PIC = NO;
				GCC_OPTIMIZATION_LEVEL = 0;
				GCC_PREPROCESSOR_DEFINITIONS = (
					"DEBUG=1",
					"$(inherited)",
				);
				GCC_SYMBOLS_PRIVATE_EXTERN = NO;
				GCC_WARN_64_TO_32_BIT_CONVERSION = YES;
				GCC_WARN_ABOUT_RETURN_TYPE = YES_ERROR;
				GCC_WARN_UNDECLARED_SELECTOR = YES;
				GCC_WARN_UNINITIALIZED_AUTOS = YES_AGGRESSIVE;
				GCC_WARN_UNUSED_FUNCTION = YES;
				GCC_WARN_UNUSED_VARIABLE = YES;
				IPHONEOS_DEPLOYMENT_TARGET = 7.1;
				ONLY_ACTIVE_ARCH = YES;
				SDKROOT = iphoneos;
			};
			name = Debug;
		};
		CCA7D1E01A7C79E5009D4EDF /* Release */ = {
			isa = XCBuildConfiguration;
			buildSettings = {
				ALWAYS_SEARCH_USER_PATHS = NO;
				CLANG_CXX_LANGUAGE_STANDARD = "gnu++0x";
				CLANG_CXX_LIBRARY = "libc++";
				CLANG_ENABLE_MODULES = YES;
				CLANG_ENABLE_OBJC_ARC = YES;
				CLANG_WARN_BOOL_CONVERSION = YES;
				CLANG_WARN_CONSTANT_CONVERSION = YES;
				CLANG_WARN_DIRECT_OBJC_ISA_USAGE = YES_ERROR;
				CLANG_WARN_EMPTY_BODY = YES;
				CLANG_WARN_ENUM_CONVERSION = YES;
				CLANG_WARN_INT_CONVERSION = YES;
				CLANG_WARN_OBJC_ROOT_CLASS = YES_ERROR;
				CLANG_WARN__DUPLICATE_METHOD_MATCH = YES;
				"CODE_SIGN_IDENTITY[sdk=iphoneos*]" = "iPhone Developer";
				COPY_PHASE_STRIP = YES;
				ENABLE_NS_ASSERTIONS = NO;
				GCC_C_LANGUAGE_STANDARD = gnu99;
				GCC_WARN_64_TO_32_BIT_CONVERSION = YES;
				GCC_WARN_ABOUT_RETURN_TYPE = YES_ERROR;
				GCC_WARN_UNDECLARED_SELECTOR = YES;
				GCC_WARN_UNINITIALIZED_AUTOS = YES_AGGRESSIVE;
				GCC_WARN_UNUSED_FUNCTION = YES;
				GCC_WARN_UNUSED_VARIABLE = YES;
				IPHONEOS_DEPLOYMENT_TARGET = 7.1;
				SDKROOT = iphoneos;
				VALIDATE_PRODUCT = YES;
			};
			name = Release;
		};
		CCA7D1E21A7C79E5009D4EDF /* Debug */ = {
			isa = XCBuildConfiguration;
			buildSettings = {
				ASSETCATALOG_COMPILER_APPICON_NAME = AppIcon;
				ASSETCATALOG_COMPILER_LAUNCHIMAGE_NAME = LaunchImage;
				GCC_PRECOMPILE_PREFIX_HEADER = YES;
				GCC_PREFIX_HEADER = "HelloDemo/HelloDemo-Prefix.pch";
				INFOPLIST_FILE = "HelloDemo/HelloDemo-Info.plist";
				IPHONEOS_DEPLOYMENT_TARGET = 7.1;
				PRODUCT_NAME = "$(TARGET_NAME)";
				WRAPPER_EXTENSION = app;
			};
			name = Debug;
		};
		CCA7D1E31A7C79E5009D4EDF /* Release */ = {
			isa = XCBuildConfiguration;
			buildSettings = {
				ASSETCATALOG_COMPILER_APPICON_NAME = AppIcon;
				ASSETCATALOG_COMPILER_LAUNCHIMAGE_NAME = LaunchImage;
				GCC_PRECOMPILE_PREFIX_HEADER = YES;
				GCC_PREFIX_HEADER = "HelloDemo/HelloDemo-Prefix.pch";
				INFOPLIST_FILE = "HelloDemo/HelloDemo-Info.plist";
				IPHONEOS_DEPLOYMENT_TARGET = 7.1;
				PRODUCT_NAME = "$(TARGET_NAME)";
				WRAPPER_EXTENSION = app;
			};
			name = Release;
		};
		CCA7D1E51A7C79E5009D4EDF /* Debug */ = {
			isa = XCBuildConfiguration;
			buildSettings = {
				BUNDLE_LOADER = "$(BUILT_PRODUCTS_DIR)/HelloDemo.app/HelloDemo";
				FRAMEWORK_SEARCH_PATHS = (
					"$(SDKROOT)/Developer/Library/Frameworks",
					"$(inherited)",
					"$(DEVELOPER_FRAMEWORKS_DIR)",
				);
				GCC_PRECOMPILE_PREFIX_HEADER = YES;
				GCC_PREFIX_HEADER = "HelloDemo/HelloDemo-Prefix.pch";
				GCC_PREPROCESSOR_DEFINITIONS = (
					"DEBUG=1",
					"$(inherited)",
				);
				INFOPLIST_FILE = "HelloDemoTests/HelloDemoTests-Info.plist";
				PRODUCT_NAME = "$(TARGET_NAME)";
				TEST_HOST = "$(BUNDLE_LOADER)";
				WRAPPER_EXTENSION = xctest;
			};
			name = Debug;
		};
		CCA7D1E61A7C79E5009D4EDF /* Release */ = {
			isa = XCBuildConfiguration;
			buildSettings = {
				BUNDLE_LOADER = "$(BUILT_PRODUCTS_DIR)/HelloDemo.app/HelloDemo";
				FRAMEWORK_SEARCH_PATHS = (
					"$(SDKROOT)/Developer/Library/Frameworks",
					"$(inherited)",
					"$(DEVELOPER_FRAMEWORKS_DIR)",
				);
				GCC_PRECOMPILE_PREFIX_HEADER = YES;
				GCC_PREFIX_HEADER = "HelloDemo/HelloDemo-Prefix.pch";
				INFOPLIST_FILE = "HelloDemoTests/HelloDemoTests-Info.plist";
				PRODUCT_NAME = "$(TARGET_NAME)";
				TEST_HOST = "$(BUNDLE_LOADER)";
				WRAPPER_EXTENSION = xctest;
			};
			name = Release;
		};
/* End XCBuildConfiguration section */

/* Begin XCConfigurationList section */
		CCA7D1AA1A7C79E4009D4EDF /* Build configuration list for PBXProject "HelloDemo" */ = {
			isa = XCConfigurationList;
			buildConfigurations = (
				CCA7D1DF1A7C79E5009D4EDF /* Debug */,
				CCA7D1E01A7C79E5009D4EDF /* Release */,
			);
			defaultConfigurationIsVisible = 0;
			defaultConfigurationName = Release;
		};
		CCA7D1E11A7C79E5009D4EDF /* Build configuration list for PBXNativeTarget "HelloDemo" */ = {
			isa = XCConfigurationList;
			buildConfigurations = (
				CCA7D1E21A7C79E5009D4EDF /* Debug */,
				CCA7D1E31A7C79E5009D4EDF /* Release */,
			);
			defaultConfigurationIsVisible = 0;
			defaultConfigurationName = Release;
		};
		CCA7D1E41A7C79E5009D4EDF /* Build configuration list for PBXNativeTarget "HelloDemoTests" */ = {
			isa = XCConfigurationList;
			buildConfigurations = (
				CCA7D1E51A7C79E5009D4EDF /* Debug */,
				CCA7D1E61A7C79E5009D4EDF /* Release */,
			);
			defaultConfigurationIsVisible = 0;
			defaultConfigurationName = Release;
		};
/* End XCConfigurationList section */
	};
	rootObject = CCA7D1A71A7C79E4009D4EDF /* Project object */;
}
