// !$*UTF8*$!
{
	archiveVersion = 1;
	classes = {
	};
	objectVersion = 46;
	objects = {

/* Begin PBXBuildFile section */
		CC6297C81A7F61A50018C197 /* Foundation.framework in Frameworks */ = {isa = PBXBuildFile; fileRef = CC6297C71A7F61A50018C197 /* Foundation.framework */; };
		CC6297CA1A7F61A50018C197 /* CoreGraphics.framework in Frameworks */ = {isa = PBXBuildFile; fileRef = CC6297C91A7F61A50018C197 /* CoreGraphics.framework */; };
		CC6297CC1A7F61A50018C197 /* UIKit.framework in Frameworks */ = {isa = PBXBuildFile; fileRef = CC6297CB1A7F61A50018C197 /* UIKit.framework */; };
		CC6297D21A7F61A50018C197 /* InfoPlist.strings in Resources */ = {isa = PBXBuildFile; fileRef = CC6297D01A7F61A50018C197 /* InfoPlist.strings */; };
		CC6297D41A7F61A50018C197 /* main.m in Sources */ = {isa = PBXBuildFile; fileRef = CC6297D31A7F61A50018C197 /* main.m */; };
		CC6297D81A7F61A50018C197 /* QYAppDelegate.m in Sources */ = {isa = PBXBuildFile; fileRef = CC6297D71A7F61A50018C197 /* QYAppDelegate.m */; };
		CC6297DA1A7F61A50018C197 /* Images.xcassets in Resources */ = {isa = PBXBuildFile; fileRef = CC6297D91A7F61A50018C197 /* Images.xcassets */; };
		CC6297E11A7F61A50018C197 /* XCTest.framework in Frameworks */ = {isa = PBXBuildFile; fileRef = CC6297E01A7F61A50018C197 /* XCTest.framework */; };
		CC6297E21A7F61A50018C197 /* Foundation.framework in Frameworks */ = {isa = PBXBuildFile; fileRef = CC6297C71A7F61A50018C197 /* Foundation.framework */; };
		CC6297E31A7F61A50018C197 /* UIKit.framework in Frameworks */ = {isa = PBXBuildFile; fileRef = CC6297CB1A7F61A50018C197 /* UIKit.framework */; };
		CC6297EB1A7F61A50018C197 /* InfoPlist.strings in Resources */ = {isa = PBXBuildFile; fileRef = CC6297E91A7F61A50018C197 /* InfoPlist.strings */; };
		CC6297ED1A7F61A50018C197 /* UIViewControllerDemoTests.m in Sources */ = {isa = PBXBuildFile; fileRef = CC6297EC1A7F61A50018C197 /* UIViewControllerDemoTests.m */; };
		CC6297F81A7F62A10018C197 /* QYViewController.m in Sources */ = {isa = PBXBuildFile; fileRef = CC6297F71A7F62A10018C197 /* QYViewController.m */; };
		CC6297FC1A7F65890018C197 /* SecondViewController.m in Sources */ = {isa = PBXBuildFile; fileRef = CC6297FA1A7F65890018C197 /* SecondViewController.m */; };
		CC6297FD1A7F65890018C197 /* SecondViewController.xib in Resources */ = {isa = PBXBuildFile; fileRef = CC6297FB1A7F65890018C197 /* SecondViewController.xib */; };
		CCDAB22F1A7F677100B6C323 /* Empty.xib in Resources */ = {isa = PBXBuildFile; fileRef = CCDAB22E1A7F677100B6C323 /* Empty.xib */; };
/* End PBXBuildFile section */

/* Begin PBXContainerItemProxy section */
		CC6297E41A7F61A50018C197 /* PBXContainerItemProxy */ = {
			isa = PBXContainerItemProxy;
			containerPortal = CC6297BC1A7F61A50018C197 /* Project object */;
			proxyType = 1;
			remoteGlobalIDString = CC6297C31A7F61A50018C197;
			remoteInfo = UIViewControllerDemo;
		};
/* End PBXContainerItemProxy section */

/* Begin PBXFileReference section */
		CC6297C41A7F61A50018C197 /* UIViewControllerDemo.app */ = {isa = PBXFileReference; explicitFileType = wrapper.application; includeInIndex = 0; path = UIViewControllerDemo.app; sourceTree = BUILT_PRODUCTS_DIR; };
		CC6297C71A7F61A50018C197 /* Foundation.framework */ = {isa = PBXFileReference; lastKnownFileType = wrapper.framework; name = Foundation.framework; path = System/Library/Frameworks/Foundation.framework; sourceTree = SDKROOT; };
		CC6297C91A7F61A50018C197 /* CoreGraphics.framework */ = {isa = PBXFileReference; lastKnownFileType = wrapper.framework; name = CoreGraphics.framework; path = System/Library/Frameworks/CoreGraphics.framework; sourceTree = SDKROOT; };
		CC6297CB1A7F61A50018C197 /* UIKit.framework */ = {isa = PBXFileReference; lastKnownFileType = wrapper.framework; name = UIKit.framework; path = System/Library/Frameworks/UIKit.framework; sourceTree = SDKROOT; };
		CC6297CF1A7F61A50018C197 /* UIViewControllerDemo-Info.plist */ = {isa = PBXFileReference; lastKnownFileType = text.plist.xml; path = "UIViewControllerDemo-Info.plist"; sourceTree = "<group>"; };
		CC6297D11A7F61A50018C197 /* en */ = {isa = PBXFileReference; lastKnownFileType = text.plist.strings; name = en; path = en.lproj/InfoPlist.strings; sourceTree = "<group>"; };
		CC6297D31A7F61A50018C197 /* main.m */ = {isa = PBXFileReference; lastKnownFileType = sourcecode.c.objc; path = main.m; sourceTree = "<group>"; };
		CC6297D51A7F61A50018C197 /* UIViewControllerDemo-Prefix.pch */ = {isa = PBXFileReference; lastKnownFileType = sourcecode.c.h; path = "UIViewControllerDemo-Prefix.pch"; sourceTree = "<group>"; };
		CC6297D61A7F61A50018C197 /* QYAppDelegate.h */ = {isa = PBXFileReference; lastKnownFileType = sourcecode.c.h; path = QYAppDelegate.h; sourceTree = "<group>"; };
		CC6297D71A7F61A50018C197 /* QYAppDelegate.m */ = {isa = PBXFileReference; lastKnownFileType = sourcecode.c.objc; path = QYAppDelegate.m; sourceTree = "<group>"; };
		CC6297D91A7F61A50018C197 /* Images.xcassets */ = {isa = PBXFileReference; lastKnownFileType = folder.assetcatalog; path = Images.xcassets; sourceTree = "<group>"; };
		CC6297DF1A7F61A50018C197 /* UIViewControllerDemoTests.xctest */ = {isa = PBXFileReference; explicitFileType = wrapper.cfbundle; includeInIndex = 0; path = UIViewControllerDemoTests.xctest; sourceTree = BUILT_PRODUCTS_DIR; };
		CC6297E01A7F61A50018C197 /* XCTest.framework */ = {isa = PBXFileReference; lastKnownFileType = wrapper.framework; name = XCTest.framework; path = Library/Frameworks/XCTest.framework; sourceTree = DEVELOPER_DIR; };
		CC6297E81A7F61A50018C197 /* UIViewControllerDemoTests-Info.plist */ = {isa = PBXFileReference; lastKnownFileType = text.plist.xml; path = "UIViewControllerDemoTests-Info.plist"; sourceTree = "<group>"; };
		CC6297EA1A7F61A50018C197 /* en */ = {isa = PBXFileReference; lastKnownFileType = text.plist.strings; name = en; path = en.lproj/InfoPlist.strings; sourceTree = "<group>"; };
		CC6297EC1A7F61A50018C197 /* UIViewControllerDemoTests.m */ = {isa = PBXFileReference; lastKnownFileType = sourcecode.c.objc; path = UIViewControllerDemoTests.m; sourceTree = "<group>"; };
		CC6297F61A7F62A10018C197 /* QYViewController.h */ = {isa = PBXFileReference; fileEncoding = 4; lastKnownFileType = sourcecode.c.h; path = QYViewController.h; sourceTree = "<group>"; };
		CC6297F71A7F62A10018C197 /* QYViewController.m */ = {isa = PBXFileReference; fileEncoding = 4; lastKnownFileType = sourcecode.c.objc; path = QYViewController.m; sourceTree = "<group>"; };
		CC6297F91A7F65890018C197 /* SecondViewController.h */ = {isa = PBXFileReference; fileEncoding = 4; lastKnownFileType = sourcecode.c.h; path = SecondViewController.h; sourceTree = "<group>"; };
		CC6297FA1A7F65890018C197 /* SecondViewController.m */ = {isa = PBXFileReference; fileEncoding = 4; lastKnownFileType = sourcecode.c.objc; path = SecondViewController.m; sourceTree = "<group>"; };
		CC6297FB1A7F65890018C197 /* SecondViewController.xib */ = {isa = PBXFileReference; fileEncoding = 4; lastKnownFileType = file.xib; path = SecondViewController.xib; sourceTree = "<group>"; };
		CCDAB22E1A7F677100B6C323 /* Empty.xib */ = {isa = PBXFileReference; fileEncoding = 4; lastKnownFileType = file.xib; name = Empty.xib; path = ../Empty.xib; sourceTree = "<group>"; };
/* End PBXFileReference section */

/* Begin PBXFrameworksBuildPhase section */
		CC6297C11A7F61A50018C197 /* Frameworks */ = {
			isa = PBXFrameworksBuildPhase;
			buildActionMask = 2147483647;
			files = (
				CC6297CA1A7F61A50018C197 /* CoreGraphics.framework in Frameworks */,
				CC6297CC1A7F61A50018C197 /* UIKit.framework in Frameworks */,
				CC6297C81A7F61A50018C197 /* Foundation.framework in Frameworks */,
			);
			runOnlyForDeploymentPostprocessing = 0;
		};
		CC6297DC1A7F61A50018C197 /* Frameworks */ = {
			isa = PBXFrameworksBuildPhase;
			buildActionMask = 2147483647;
			files = (
				CC6297E11A7F61A50018C197 /* XCTest.framework in Frameworks */,
				CC6297E31A7F61A50018C197 /* UIKit.framework in Frameworks */,
				CC6297E21A7F61A50018C197 /* Foundation.framework in Frameworks */,
			);
			runOnlyForDeploymentPostprocessing = 0;
		};
/* End PBXFrameworksBuildPhase section */

/* Begin PBXGroup section */
		CC6297BB1A7F61A50018C197 = {
			isa = PBXGroup;
			children = (
				CC6297CD1A7F61A50018C197 /* UIViewControllerDemo */,
				CC6297E61A7F61A50018C197 /* UIViewControllerDemoTests */,
				CC6297C61A7F61A50018C197 /* Frameworks */,
				CC6297C51A7F61A50018C197 /* Products */,
			);
			sourceTree = "<group>";
		};
		CC6297C51A7F61A50018C197 /* Products */ = {
			isa = PBXGroup;
			children = (
				CC6297C41A7F61A50018C197 /* UIViewControllerDemo.app */,
				CC6297DF1A7F61A50018C197 /* UIViewControllerDemoTests.xctest */,
			);
			name = Products;
			sourceTree = "<group>";
		};
		CC6297C61A7F61A50018C197 /* Frameworks */ = {
			isa = PBXGroup;
			children = (
				CC6297C71A7F61A50018C197 /* Foundation.framework */,
				CC6297C91A7F61A50018C197 /* CoreGraphics.framework */,
				CC6297CB1A7F61A50018C197 /* UIKit.framework */,
				CC6297E01A7F61A50018C197 /* XCTest.framework */,
			);
			name = Frameworks;
			sourceTree = "<group>";
		};
		CC6297CD1A7F61A50018C197 /* UIViewControllerDemo */ = {
			isa = PBXGroup;
			children = (
				CC6297D61A7F61A50018C197 /* QYAppDelegate.h */,
				CC6297D71A7F61A50018C197 /* QYAppDelegate.m */,
				CC6297F91A7F65890018C197 /* SecondViewController.h */,
				CC6297FA1A7F65890018C197 /* SecondViewController.m */,
				CC6297FB1A7F65890018C197 /* SecondViewController.xib */,
				CCDAB22E1A7F677100B6C323 /* Empty.xib */,
				CC6297F61A7F62A10018C197 /* QYViewController.h */,
				CC6297F71A7F62A10018C197 /* QYViewController.m */,
				CC6297D91A7F61A50018C197 /* Images.xcassets */,
				CC6297CE1A7F61A50018C197 /* Supporting Files */,
			);
			path = UIViewControllerDemo;
			sourceTree = "<group>";
		};
		CC6297CE1A7F61A50018C197 /* Supporting Files */ = {
			isa = PBXGroup;
			children = (
				CC6297CF1A7F61A50018C197 /* UIViewControllerDemo-Info.plist */,
				CC6297D01A7F61A50018C197 /* InfoPlist.strings */,
				CC6297D31A7F61A50018C197 /* main.m */,
				CC6297D51A7F61A50018C197 /* UIViewControllerDemo-Prefix.pch */,
			);
			name = "Supporting Files";
			sourceTree = "<group>";
		};
		CC6297E61A7F61A50018C197 /* UIViewControllerDemoTests */ = {
			isa = PBXGroup;
			children = (
				CC6297EC1A7F61A50018C197 /* UIViewControllerDemoTests.m */,
				CC6297E71A7F61A50018C197 /* Supporting Files */,
			);
			path = UIViewControllerDemoTests;
			sourceTree = "<group>";
		};
		CC6297E71A7F61A50018C197 /* Supporting Files */ = {
			isa = PBXGroup;
			children = (
				CC6297E81A7F61A50018C197 /* UIViewControllerDemoTests-Info.plist */,
				CC6297E91A7F61A50018C197 /* InfoPlist.strings */,
			);
			name = "Supporting Files";
			sourceTree = "<group>";
		};
/* End PBXGroup section */

/* Begin PBXNativeTarget section */
		CC6297C31A7F61A50018C197 /* UIViewControllerDemo */ = {
			isa = PBXNativeTarget;
			buildConfigurationList = CC6297F01A7F61A50018C197 /* Build configuration list for PBXNativeTarget "UIViewControllerDemo" */;
			buildPhases = (
				CC6297C01A7F61A50018C197 /* Sources */,
				CC6297C11A7F61A50018C197 /* Frameworks */,
				CC6297C21A7F61A50018C197 /* Resources */,
			);
			buildRules = (
			);
			dependencies = (
			);
			name = UIViewControllerDemo;
			productName = UIViewControllerDemo;
			productReference = CC6297C41A7F61A50018C197 /* UIViewControllerDemo.app */;
			productType = "com.apple.product-type.application";
		};
		CC6297DE1A7F61A50018C197 /* UIViewControllerDemoTests */ = {
			isa = PBXNativeTarget;
			buildConfigurationList = CC6297F31A7F61A50018C197 /* Build configuration list for PBXNativeTarget "UIViewControllerDemoTests" */;
			buildPhases = (
				CC6297DB1A7F61A50018C197 /* Sources */,
				CC6297DC1A7F61A50018C197 /* Frameworks */,
				CC6297DD1A7F61A50018C197 /* Resources */,
			);
			buildRules = (
			);
			dependencies = (
				CC6297E51A7F61A50018C197 /* PBXTargetDependency */,
			);
			name = UIViewControllerDemoTests;
			productName = UIViewControllerDemoTests;
			productReference = CC6297DF1A7F61A50018C197 /* UIViewControllerDemoTests.xctest */;
			productType = "com.apple.product-type.bundle.unit-test";
		};
/* End PBXNativeTarget section */

/* Begin PBXProject section */
		CC6297BC1A7F61A50018C197 /* Project object */ = {
			isa = PBXProject;
			attributes = {
				CLASSPREFIX = QY;
				LastUpgradeCheck = 0510;
				ORGANIZATIONNAME = hnqingyun.com;
				TargetAttributes = {
					CC6297DE1A7F61A50018C197 = {
						TestTargetID = CC6297C31A7F61A50018C197;
					};
				};
			};
			buildConfigurationList = CC6297BF1A7F61A50018C197 /* Build configuration list for PBXProject "UIViewControllerDemo" */;
			compatibilityVersion = "Xcode 3.2";
			developmentRegion = English;
			hasScannedForEncodings = 0;
			knownRegions = (
				en,
			);
			mainGroup = CC6297BB1A7F61A50018C197;
			productRefGroup = CC6297C51A7F61A50018C197 /* Products */;
			projectDirPath = "";
			projectRoot = "";
			targets = (
				CC6297C31A7F61A50018C197 /* UIViewControllerDemo */,
				CC6297DE1A7F61A50018C197 /* UIViewControllerDemoTests */,
			);
		};
/* End PBXProject section */

/* Begin PBXResourcesBuildPhase section */
		CC6297C21A7F61A50018C197 /* Resources */ = {
			isa = PBXResourcesBuildPhase;
			buildActionMask = 2147483647;
			files = (
				CC6297D21A7F61A50018C197 /* InfoPlist.strings in Resources */,
				CCDAB22F1A7F677100B6C323 /* Empty.xib in Resources */,
				CC6297DA1A7F61A50018C197 /* Images.xcassets in Resources */,
				CC6297FD1A7F65890018C197 /* SecondViewController.xib in Resources */,
			);
			runOnlyForDeploymentPostprocessing = 0;
		};
		CC6297DD1A7F61A50018C197 /* Resources */ = {
			isa = PBXResourcesBuildPhase;
			buildActionMask = 2147483647;
			files = (
				CC6297EB1A7F61A50018C197 /* InfoPlist.strings in Resources */,
			);
			runOnlyForDeploymentPostprocessing = 0;
		};
/* End PBXResourcesBuildPhase section */

/* Begin PBXSourcesBuildPhase section */
		CC6297C01A7F61A50018C197 /* Sources */ = {
			isa = PBXSourcesBuildPhase;
			buildActionMask = 2147483647;
			files = (
				CC6297FC1A7F65890018C197 /* SecondViewController.m in Sources */,
				CC6297D81A7F61A50018C197 /* QYAppDelegate.m in Sources */,
				CC6297D41A7F61A50018C197 /* main.m in Sources */,
				CC6297F81A7F62A10018C197 /* QYViewController.m in Sources */,
			);
			runOnlyForDeploymentPostprocessing = 0;
		};
		CC6297DB1A7F61A50018C197 /* Sources */ = {
			isa = PBXSourcesBuildPhase;
			buildActionMask = 2147483647;
			files = (
				CC6297ED1A7F61A50018C197 /* UIViewControllerDemoTests.m in Sources */,
			);
			runOnlyForDeploymentPostprocessing = 0;
		};
/* End PBXSourcesBuildPhase section */

/* Begin PBXTargetDependency section */
		CC6297E51A7F61A50018C197 /* PBXTargetDependency */ = {
			isa = PBXTargetDependency;
			target = CC6297C31A7F61A50018C197 /* UIViewControllerDemo */;
			targetProxy = CC6297E41A7F61A50018C197 /* PBXContainerItemProxy */;
		};
/* End PBXTargetDependency section */

/* Begin PBXVariantGroup section */
		CC6297D01A7F61A50018C197 /* InfoPlist.strings */ = {
			isa = PBXVariantGroup;
			children = (
				CC6297D11A7F61A50018C197 /* en */,
			);
			name = InfoPlist.strings;
			sourceTree = "<group>";
		};
		CC6297E91A7F61A50018C197 /* InfoPlist.strings */ = {
			isa = PBXVariantGroup;
			children = (
				CC6297EA1A7F61A50018C197 /* en */,
			);
			name = InfoPlist.strings;
			sourceTree = "<group>";
		};
/* End PBXVariantGroup section */

/* Begin XCBuildConfiguration section */
		CC6297EE1A7F61A50018C197 /* Debug */ = {
			isa = XCBuildConfiguration;
			buildSettings = {
				ALWAYS_SEARCH_USER_PATHS = NO;
				CLANG_CXX_LANGUAGE_STANDARD = "gnu++0x";
				CLANG_CXX_LIBRARY = "libc++";
				CLANG_ENABLE_MODULES = YES;
				CLANG_ENABLE_OBJC_ARC = YES;
				CLANG_WARN_BOOL_CONVERSION = YES;
				CLANG_WARN_CONSTANT_CONVERSION = YES;
				CLANG_WARN_DIRECT_OBJC_ISA_USAGE = YES_ERROR;
				CLANG_WARN_EMPTY_BODY = YES;
				CLANG_WARN_ENUM_CONVERSION = YES;
				CLANG_WARN_INT_CONVERSION = YES;
				CLANG_WARN_OBJC_ROOT_CLASS = YES_ERROR;
				CLANG_WARN__DUPLICATE_METHOD_MATCH = YES;
				"CODE_SIGN_IDENTITY[sdk=iphoneos*]" = "iPhone Developer";
				COPY_PHASE_STRIP = NO;
				GCC_C_LANGUAGE_STANDARD = gnu99;
				GCC_DYNAMIC_NO_PIC = NO;
				GCC_OPTIMIZATION_LEVEL = 0;
				GCC_PREPROCESSOR_DEFINITIONS = (
					"DEBUG=1",
					"$(inherited)",
				);
				GCC_SYMBOLS_PRIVATE_EXTERN = NO;
				GCC_WARN_64_TO_32_BIT_CONVERSION = YES;
				GCC_WARN_ABOUT_RETURN_TYPE = YES_ERROR;
				GCC_WARN_UNDECLARED_SELECTOR = YES;
				GCC_WARN_UNINITIALIZED_AUTOS = YES_AGGRESSIVE;
				GCC_WARN_UNUSED_FUNCTION = YES;
				GCC_WARN_UNUSED_VARIABLE = YES;
				IPHONEOS_DEPLOYMENT_TARGET = 7.1;
				ONLY_ACTIVE_ARCH = YES;
				SDKROOT = iphoneos;
			};
			name = Debug;
		};
		CC6297EF1A7F61A50018C197 /* Release */ = {
			isa = XCBuildConfiguration;
			buildSettings = {
				ALWAYS_SEARCH_USER_PATHS = NO;
				CLANG_CXX_LANGUAGE_STANDARD = "gnu++0x";
				CLANG_CXX_LIBRARY = "libc++";
				CLANG_ENABLE_MODULES = YES;
				CLANG_ENABLE_OBJC_ARC = YES;
				CLANG_WARN_BOOL_CONVERSION = YES;
				CLANG_WARN_CONSTANT_CONVERSION = YES;
				CLANG_WARN_DIRECT_OBJC_ISA_USAGE = YES_ERROR;
				CLANG_WARN_EMPTY_BODY = YES;
				CLANG_WARN_ENUM_CONVERSION = YES;
				CLANG_WARN_INT_CONVERSION = YES;
				CLANG_WARN_OBJC_ROOT_CLASS = YES_ERROR;
				CLANG_WARN__DUPLICATE_METHOD_MATCH = YES;
				"CODE_SIGN_IDENTITY[sdk=iphoneos*]" = "iPhone Developer";
				COPY_PHASE_STRIP = YES;
				ENABLE_NS_ASSERTIONS = NO;
				GCC_C_LANGUAGE_STANDARD = gnu99;
				GCC_WARN_64_TO_32_BIT_CONVERSION = YES;
				GCC_WARN_ABOUT_RETURN_TYPE = YES_ERROR;
				GCC_WARN_UNDECLARED_SELECTOR = YES;
				GCC_WARN_UNINITIALIZED_AUTOS = YES_AGGRESSIVE;
				GCC_WARN_UNUSED_FUNCTION = YES;
				GCC_WARN_UNUSED_VARIABLE = YES;
				IPHONEOS_DEPLOYMENT_TARGET = 7.1;
				SDKROOT = iphoneos;
				VALIDATE_PRODUCT = YES;
			};
			name = Release;
		};
		CC6297F11A7F61A50018C197 /* Debug */ = {
			isa = XCBuildConfiguration;
			buildSettings = {
				ASSETCATALOG_COMPILER_APPICON_NAME = AppIcon;
				ASSETCATALOG_COMPILER_LAUNCHIMAGE_NAME = LaunchImage;
				GCC_PRECOMPILE_PREFIX_HEADER = YES;
				GCC_PREFIX_HEADER = "UIViewControllerDemo/UIViewControllerDemo-Prefix.pch";
				INFOPLIST_FILE = "UIViewControllerDemo/UIViewControllerDemo-Info.plist";
				PRODUCT_NAME = "$(TARGET_NAME)";
				WRAPPER_EXTENSION = app;
			};
			name = Debug;
		};
		CC6297F21A7F61A50018C197 /* Release */ = {
			isa = XCBuildConfiguration;
			buildSettings = {
				ASSETCATALOG_COMPILER_APPICON_NAME = AppIcon;
				ASSETCATALOG_COMPILER_LAUNCHIMAGE_NAME = LaunchImage;
				GCC_PRECOMPILE_PREFIX_HEADER = YES;
				GCC_PREFIX_HEADER = "UIViewControllerDemo/UIViewControllerDemo-Prefix.pch";
				INFOPLIST_FILE = "UIViewControllerDemo/UIViewControllerDemo-Info.plist";
				PRODUCT_NAME = "$(TARGET_NAME)";
				WRAPPER_EXTENSION = app;
			};
			name = Release;
		};
		CC6297F41A7F61A50018C197 /* Debug */ = {
			isa = XCBuildConfiguration;
			buildSettings = {
				BUNDLE_LOADER = "$(BUILT_PRODUCTS_DIR)/UIViewControllerDemo.app/UIViewControllerDemo";
				FRAMEWORK_SEARCH_PATHS = (
					"$(SDKROOT)/Developer/Library/Frameworks",
					"$(inherited)",
					"$(DEVELOPER_FRAMEWORKS_DIR)",
				);
				GCC_PRECOMPILE_PREFIX_HEADER = YES;
				GCC_PREFIX_HEADER = "UIViewControllerDemo/UIViewControllerDemo-Prefix.pch";
				GCC_PREPROCESSOR_DEFINITIONS = (
					"DEBUG=1",
					"$(inherited)",
				);
				INFOPLIST_FILE = "UIViewControllerDemoTests/UIViewControllerDemoTests-Info.plist";
				PRODUCT_NAME = "$(TARGET_NAME)";
				TEST_HOST = "$(BUNDLE_LOADER)";
				WRAPPER_EXTENSION = xctest;
			};
			name = Debug;
		};
		CC6297F51A7F61A50018C197 /* Release */ = {
			isa = XCBuildConfiguration;
			buildSettings = {
				BUNDLE_LOADER = "$(BUILT_PRODUCTS_DIR)/UIViewControllerDemo.app/UIViewControllerDemo";
				FRAMEWORK_SEARCH_PATHS = (
					"$(SDKROOT)/Developer/Library/Frameworks",
					"$(inherited)",
					"$(DEVELOPER_FRAMEWORKS_DIR)",
				);
				GCC_PRECOMPILE_PREFIX_HEADER = YES;
				GCC_PREFIX_HEADER = "UIViewControllerDemo/UIViewControllerDemo-Prefix.pch";
				INFOPLIST_FILE = "UIViewControllerDemoTests/UIViewControllerDemoTests-Info.plist";
				PRODUCT_NAME = "$(TARGET_NAME)";
				TEST_HOST = "$(BUNDLE_LOADER)";
				WRAPPER_EXTENSION = xctest;
			};
			name = Release;
		};
/* End XCBuildConfiguration section */

/* Begin XCConfigurationList section */
		CC6297BF1A7F61A50018C197 /* Build configuration list for PBXProject "UIViewControllerDemo" */ = {
			isa = XCConfigurationList;
			buildConfigurations = (
				CC6297EE1A7F61A50018C197 /* Debug */,
				CC6297EF1A7F61A50018C197 /* Release */,
			);
			defaultConfigurationIsVisible = 0;
			defaultConfigurationName = Release;
		};
		CC6297F01A7F61A50018C197 /* Build configuration list for PBXNativeTarget "UIViewControllerDemo" */ = {
			isa = XCConfigurationList;
			buildConfigurations = (
				CC6297F11A7F61A50018C197 /* Debug */,
				CC6297F21A7F61A50018C197 /* Release */,
			);
			defaultConfigurationIsVisible = 0;
			defaultConfigurationName = Release;
		};
		CC6297F31A7F61A50018C197 /* Build configuration list for PBXNativeTarget "UIViewControllerDemoTests" */ = {
			isa = XCConfigurationList;
			buildConfigurations = (
				CC6297F41A7F61A50018C197 /* Debug */,
				CC6297F51A7F61A50018C197 /* Release */,
			);
			defaultConfigurationIsVisible = 0;
			defaultConfigurationName = Release;
		};
/* End XCConfigurationList section */
	};
	rootObject = CC6297BC1A7F61A50018C197 /* Project object */;
}
