// !$*UTF8*$!
{
	archiveVersion = 1;
	classes = {
	};
	objectVersion = 46;
	objects = {

/* Begin PBXBuildFile section */
		CC407CA91AAADE7F001A4A56 /* Foundation.framework in Frameworks */ = {isa = PBXBuildFile; fileRef = CC407CA81AAADE7F001A4A56 /* Foundation.framework */; };
		CC407CAB1AAADE7F001A4A56 /* CoreGraphics.framework in Frameworks */ = {isa = PBXBuildFile; fileRef = CC407CAA1AAADE7F001A4A56 /* CoreGraphics.framework */; };
		CC407CAD1AAADE7F001A4A56 /* UIKit.framework in Frameworks */ = {isa = PBXBuildFile; fileRef = CC407CAC1AAADE7F001A4A56 /* UIKit.framework */; };
		CC407CB31AAADE7F001A4A56 /* InfoPlist.strings in Resources */ = {isa = PBXBuildFile; fileRef = CC407CB11AAADE7F001A4A56 /* InfoPlist.strings */; };
		CC407CB51AAADE7F001A4A56 /* main.m in Sources */ = {isa = PBXBuildFile; fileRef = CC407CB41AAADE7F001A4A56 /* main.m */; };
		CC407CB91AAADE7F001A4A56 /* QYAppDelegate.m in Sources */ = {isa = PBXBuildFile; fileRef = CC407CB81AAADE7F001A4A56 /* QYAppDelegate.m */; };
		CC407CBC1AAADE7F001A4A56 /* Main.storyboard in Resources */ = {isa = PBXBuildFile; fileRef = CC407CBA1AAADE7F001A4A56 /* Main.storyboard */; };
		CC407CBF1AAADE7F001A4A56 /* QYViewController.m in Sources */ = {isa = PBXBuildFile; fileRef = CC407CBE1AAADE7F001A4A56 /* QYViewController.m */; };
		CC407CC11AAADE7F001A4A56 /* Images.xcassets in Resources */ = {isa = PBXBuildFile; fileRef = CC407CC01AAADE7F001A4A56 /* Images.xcassets */; };
		CC407CC81AAADE80001A4A56 /* XCTest.framework in Frameworks */ = {isa = PBXBuildFile; fileRef = CC407CC71AAADE80001A4A56 /* XCTest.framework */; };
		CC407CC91AAADE80001A4A56 /* Foundation.framework in Frameworks */ = {isa = PBXBuildFile; fileRef = CC407CA81AAADE7F001A4A56 /* Foundation.framework */; };
		CC407CCA1AAADE80001A4A56 /* UIKit.framework in Frameworks */ = {isa = PBXBuildFile; fileRef = CC407CAC1AAADE7F001A4A56 /* UIKit.framework */; };
		CC407CD21AAADE80001A4A56 /* InfoPlist.strings in Resources */ = {isa = PBXBuildFile; fileRef = CC407CD01AAADE80001A4A56 /* InfoPlist.strings */; };
		CC407CD41AAADE80001A4A56 /* QYScrollViewDelegateSampleTests.m in Sources */ = {isa = PBXBuildFile; fileRef = CC407CD31AAADE80001A4A56 /* QYScrollViewDelegateSampleTests.m */; };
		CC7E629C1AAAEF45001C35E4 /* new_feature_2@2x.png in Resources */ = {isa = PBXBuildFile; fileRef = CC7E629B1AAAEF45001C35E4 /* new_feature_2@2x.png */; };
/* End PBXBuildFile section */

/* Begin PBXContainerItemProxy section */
		CC407CCB1AAADE80001A4A56 /* PBXContainerItemProxy */ = {
			isa = PBXContainerItemProxy;
			containerPortal = CC407C9D1AAADE7F001A4A56 /* Project object */;
			proxyType = 1;
			remoteGlobalIDString = CC407CA41AAADE7F001A4A56;
			remoteInfo = QYScrollViewDelegateSample;
		};
/* End PBXContainerItemProxy section */

/* Begin PBXFileReference section */
		CC407CA51AAADE7F001A4A56 /* QYScrollViewDelegateSample.app */ = {isa = PBXFileReference; explicitFileType = wrapper.application; includeInIndex = 0; path = QYScrollViewDelegateSample.app; sourceTree = BUILT_PRODUCTS_DIR; };
		CC407CA81AAADE7F001A4A56 /* Foundation.framework */ = {isa = PBXFileReference; lastKnownFileType = wrapper.framework; name = Foundation.framework; path = System/Library/Frameworks/Foundation.framework; sourceTree = SDKROOT; };
		CC407CAA1AAADE7F001A4A56 /* CoreGraphics.framework */ = {isa = PBXFileReference; lastKnownFileType = wrapper.framework; name = CoreGraphics.framework; path = System/Library/Frameworks/CoreGraphics.framework; sourceTree = SDKROOT; };
		CC407CAC1AAADE7F001A4A56 /* UIKit.framework */ = {isa = PBXFileReference; lastKnownFileType = wrapper.framework; name = UIKit.framework; path = System/Library/Frameworks/UIKit.framework; sourceTree = SDKROOT; };
		CC407CB01AAADE7F001A4A56 /* QYScrollViewDelegateSample-Info.plist */ = {isa = PBXFileReference; lastKnownFileType = text.plist.xml; path = "QYScrollViewDelegateSample-Info.plist"; sourceTree = "<group>"; };
		CC407CB21AAADE7F001A4A56 /* en */ = {isa = PBXFileReference; lastKnownFileType = text.plist.strings; name = en; path = en.lproj/InfoPlist.strings; sourceTree = "<group>"; };
		CC407CB41AAADE7F001A4A56 /* main.m */ = {isa = PBXFileReference; lastKnownFileType = sourcecode.c.objc; path = main.m; sourceTree = "<group>"; };
		CC407CB61AAADE7F001A4A56 /* QYScrollViewDelegateSample-Prefix.pch */ = {isa = PBXFileReference; lastKnownFileType = sourcecode.c.h; path = "QYScrollViewDelegateSample-Prefix.pch"; sourceTree = "<group>"; };
		CC407CB71AAADE7F001A4A56 /* QYAppDelegate.h */ = {isa = PBXFileReference; lastKnownFileType = sourcecode.c.h; path = QYAppDelegate.h; sourceTree = "<group>"; };
		CC407CB81AAADE7F001A4A56 /* QYAppDelegate.m */ = {isa = PBXFileReference; lastKnownFileType = sourcecode.c.objc; path = QYAppDelegate.m; sourceTree = "<group>"; };
		CC407CBB1AAADE7F001A4A56 /* Base */ = {isa = PBXFileReference; lastKnownFileType = file.storyboard; name = Base; path = Base.lproj/Main.storyboard; sourceTree = "<group>"; };
		CC407CBD1AAADE7F001A4A56 /* QYViewController.h */ = {isa = PBXFileReference; lastKnownFileType = sourcecode.c.h; path = QYViewController.h; sourceTree = "<group>"; };
		CC407CBE1AAADE7F001A4A56 /* QYViewController.m */ = {isa = PBXFileReference; lastKnownFileType = sourcecode.c.objc; path = QYViewController.m; sourceTree = "<group>"; };
		CC407CC01AAADE7F001A4A56 /* Images.xcassets */ = {isa = PBXFileReference; lastKnownFileType = folder.assetcatalog; path = Images.xcassets; sourceTree = "<group>"; };
		CC407CC61AAADE80001A4A56 /* QYScrollViewDelegateSampleTests.xctest */ = {isa = PBXFileReference; explicitFileType = wrapper.cfbundle; includeInIndex = 0; path = QYScrollViewDelegateSampleTests.xctest; sourceTree = BUILT_PRODUCTS_DIR; };
		CC407CC71AAADE80001A4A56 /* XCTest.framework */ = {isa = PBXFileReference; lastKnownFileType = wrapper.framework; name = XCTest.framework; path = Library/Frameworks/XCTest.framework; sourceTree = DEVELOPER_DIR; };
		CC407CCF1AAADE80001A4A56 /* QYScrollViewDelegateSampleTests-Info.plist */ = {isa = PBXFileReference; lastKnownFileType = text.plist.xml; path = "QYScrollViewDelegateSampleTests-Info.plist"; sourceTree = "<group>"; };
		CC407CD11AAADE80001A4A56 /* en */ = {isa = PBXFileReference; lastKnownFileType = text.plist.strings; name = en; path = en.lproj/InfoPlist.strings; sourceTree = "<group>"; };
		CC407CD31AAADE80001A4A56 /* QYScrollViewDelegateSampleTests.m */ = {isa = PBXFileReference; lastKnownFileType = sourcecode.c.objc; path = QYScrollViewDelegateSampleTests.m; sourceTree = "<group>"; };
		CC7E629B1AAAEF45001C35E4 /* new_feature_2@2x.png */ = {isa = PBXFileReference; lastKnownFileType = image.png; path = "new_feature_2@2x.png"; sourceTree = "<group>"; };
/* End PBXFileReference section */

/* Begin PBXFrameworksBuildPhase section */
		CC407CA21AAADE7F001A4A56 /* Frameworks */ = {
			isa = PBXFrameworksBuildPhase;
			buildActionMask = 2147483647;
			files = (
				CC407CAB1AAADE7F001A4A56 /* CoreGraphics.framework in Frameworks */,
				CC407CAD1AAADE7F001A4A56 /* UIKit.framework in Frameworks */,
				CC407CA91AAADE7F001A4A56 /* Foundation.framework in Frameworks */,
			);
			runOnlyForDeploymentPostprocessing = 0;
		};
		CC407CC31AAADE80001A4A56 /* Frameworks */ = {
			isa = PBXFrameworksBuildPhase;
			buildActionMask = 2147483647;
			files = (
				CC407CC81AAADE80001A4A56 /* XCTest.framework in Frameworks */,
				CC407CCA1AAADE80001A4A56 /* UIKit.framework in Frameworks */,
				CC407CC91AAADE80001A4A56 /* Foundation.framework in Frameworks */,
			);
			runOnlyForDeploymentPostprocessing = 0;
		};
/* End PBXFrameworksBuildPhase section */

/* Begin PBXGroup section */
		CC407C9C1AAADE7F001A4A56 = {
			isa = PBXGroup;
			children = (
				CC407CAE1AAADE7F001A4A56 /* QYScrollViewDelegateSample */,
				CC407CCD1AAADE80001A4A56 /* QYScrollViewDelegateSampleTests */,
				CC407CA71AAADE7F001A4A56 /* Frameworks */,
				CC407CA61AAADE7F001A4A56 /* Products */,
			);
			sourceTree = "<group>";
		};
		CC407CA61AAADE7F001A4A56 /* Products */ = {
			isa = PBXGroup;
			children = (
				CC407CA51AAADE7F001A4A56 /* QYScrollViewDelegateSample.app */,
				CC407CC61AAADE80001A4A56 /* QYScrollViewDelegateSampleTests.xctest */,
			);
			name = Products;
			sourceTree = "<group>";
		};
		CC407CA71AAADE7F001A4A56 /* Frameworks */ = {
			isa = PBXGroup;
			children = (
				CC407CA81AAADE7F001A4A56 /* Foundation.framework */,
				CC407CAA1AAADE7F001A4A56 /* CoreGraphics.framework */,
				CC407CAC1AAADE7F001A4A56 /* UIKit.framework */,
				CC407CC71AAADE80001A4A56 /* XCTest.framework */,
			);
			name = Frameworks;
			sourceTree = "<group>";
		};
		CC407CAE1AAADE7F001A4A56 /* QYScrollViewDelegateSample */ = {
			isa = PBXGroup;
			children = (
				CC407CB71AAADE7F001A4A56 /* QYAppDelegate.h */,
				CC407CB81AAADE7F001A4A56 /* QYAppDelegate.m */,
				CC407CBA1AAADE7F001A4A56 /* Main.storyboard */,
				CC407CBD1AAADE7F001A4A56 /* QYViewController.h */,
				CC407CBE1AAADE7F001A4A56 /* QYViewController.m */,
				CC407CC01AAADE7F001A4A56 /* Images.xcassets */,
				CC407CAF1AAADE7F001A4A56 /* Supporting Files */,
			);
			path = QYScrollViewDelegateSample;
			sourceTree = "<group>";
		};
		CC407CAF1AAADE7F001A4A56 /* Supporting Files */ = {
			isa = PBXGroup;
			children = (
				CC7E629B1AAAEF45001C35E4 /* new_feature_2@2x.png */,
				CC407CB01AAADE7F001A4A56 /* QYScrollViewDelegateSample-Info.plist */,
				CC407CB11AAADE7F001A4A56 /* InfoPlist.strings */,
				CC407CB41AAADE7F001A4A56 /* main.m */,
				CC407CB61AAADE7F001A4A56 /* QYScrollViewDelegateSample-Prefix.pch */,
			);
			name = "Supporting Files";
			sourceTree = "<group>";
		};
		CC407CCD1AAADE80001A4A56 /* QYScrollViewDelegateSampleTests */ = {
			isa = PBXGroup;
			children = (
				CC407CD31AAADE80001A4A56 /* QYScrollViewDelegateSampleTests.m */,
				CC407CCE1AAADE80001A4A56 /* Supporting Files */,
			);
			path = QYScrollViewDelegateSampleTests;
			sourceTree = "<group>";
		};
		CC407CCE1AAADE80001A4A56 /* Supporting Files */ = {
			isa = PBXGroup;
			children = (
				CC407CCF1AAADE80001A4A56 /* QYScrollViewDelegateSampleTests-Info.plist */,
				CC407CD01AAADE80001A4A56 /* InfoPlist.strings */,
			);
			name = "Supporting Files";
			sourceTree = "<group>";
		};
/* End PBXGroup section */

/* Begin PBXNativeTarget section */
		CC407CA41AAADE7F001A4A56 /* QYScrollViewDelegateSample */ = {
			isa = PBXNativeTarget;
			buildConfigurationList = CC407CD71AAADE80001A4A56 /* Build configuration list for PBXNativeTarget "QYScrollViewDelegateSample" */;
			buildPhases = (
				CC407CA11AAADE7F001A4A56 /* Sources */,
				CC407CA21AAADE7F001A4A56 /* Frameworks */,
				CC407CA31AAADE7F001A4A56 /* Resources */,
			);
			buildRules = (
			);
			dependencies = (
			);
			name = QYScrollViewDelegateSample;
			productName = QYScrollViewDelegateSample;
			productReference = CC407CA51AAADE7F001A4A56 /* QYScrollViewDelegateSample.app */;
			productType = "com.apple.product-type.application";
		};
		CC407CC51AAADE80001A4A56 /* QYScrollViewDelegateSampleTests */ = {
			isa = PBXNativeTarget;
			buildConfigurationList = CC407CDA1AAADE80001A4A56 /* Build configuration list for PBXNativeTarget "QYScrollViewDelegateSampleTests" */;
			buildPhases = (
				CC407CC21AAADE80001A4A56 /* Sources */,
				CC407CC31AAADE80001A4A56 /* Frameworks */,
				CC407CC41AAADE80001A4A56 /* Resources */,
			);
			buildRules = (
			);
			dependencies = (
				CC407CCC1AAADE80001A4A56 /* PBXTargetDependency */,
			);
			name = QYScrollViewDelegateSampleTests;
			productName = QYScrollViewDelegateSampleTests;
			productReference = CC407CC61AAADE80001A4A56 /* QYScrollViewDelegateSampleTests.xctest */;
			productType = "com.apple.product-type.bundle.unit-test";
		};
/* End PBXNativeTarget section */

/* Begin PBXProject section */
		CC407C9D1AAADE7F001A4A56 /* Project object */ = {
			isa = PBXProject;
			attributes = {
				CLASSPREFIX = QY;
				LastUpgradeCheck = 0510;
				ORGANIZATIONNAME = hnqingyun.com;
				TargetAttributes = {
					CC407CC51AAADE80001A4A56 = {
						TestTargetID = CC407CA41AAADE7F001A4A56;
					};
				};
			};
			buildConfigurationList = CC407CA01AAADE7F001A4A56 /* Build configuration list for PBXProject "QYScrollViewDelegateSample" */;
			compatibilityVersion = "Xcode 3.2";
			developmentRegion = English;
			hasScannedForEncodings = 0;
			knownRegions = (
				en,
				Base,
			);
			mainGroup = CC407C9C1AAADE7F001A4A56;
			productRefGroup = CC407CA61AAADE7F001A4A56 /* Products */;
			projectDirPath = "";
			projectRoot = "";
			targets = (
				CC407CA41AAADE7F001A4A56 /* QYScrollViewDelegateSample */,
				CC407CC51AAADE80001A4A56 /* QYScrollViewDelegateSampleTests */,
			);
		};
/* End PBXProject section */

/* Begin PBXResourcesBuildPhase section */
		CC407CA31AAADE7F001A4A56 /* Resources */ = {
			isa = PBXResourcesBuildPhase;
			buildActionMask = 2147483647;
			files = (
				CC7E629C1AAAEF45001C35E4 /* new_feature_2@2x.png in Resources */,
				CC407CC11AAADE7F001A4A56 /* Images.xcassets in Resources */,
				CC407CB31AAADE7F001A4A56 /* InfoPlist.strings in Resources */,
				CC407CBC1AAADE7F001A4A56 /* Main.storyboard in Resources */,
			);
			runOnlyForDeploymentPostprocessing = 0;
		};
		CC407CC41AAADE80001A4A56 /* Resources */ = {
			isa = PBXResourcesBuildPhase;
			buildActionMask = 2147483647;
			files = (
				CC407CD21AAADE80001A4A56 /* InfoPlist.strings in Resources */,
			);
			runOnlyForDeploymentPostprocessing = 0;
		};
/* End PBXResourcesBuildPhase section */

/* Begin PBXSourcesBuildPhase section */
		CC407CA11AAADE7F001A4A56 /* Sources */ = {
			isa = PBXSourcesBuildPhase;
			buildActionMask = 2147483647;
			files = (
				CC407CB91AAADE7F001A4A56 /* QYAppDelegate.m in Sources */,
				CC407CB51AAADE7F001A4A56 /* main.m in Sources */,
				CC407CBF1AAADE7F001A4A56 /* QYViewController.m in Sources */,
			);
			runOnlyForDeploymentPostprocessing = 0;
		};
		CC407CC21AAADE80001A4A56 /* Sources */ = {
			isa = PBXSourcesBuildPhase;
			buildActionMask = 2147483647;
			files = (
				CC407CD41AAADE80001A4A56 /* QYScrollViewDelegateSampleTests.m in Sources */,
			);
			runOnlyForDeploymentPostprocessing = 0;
		};
/* End PBXSourcesBuildPhase section */

/* Begin PBXTargetDependency section */
		CC407CCC1AAADE80001A4A56 /* PBXTargetDependency */ = {
			isa = PBXTargetDependency;
			target = CC407CA41AAADE7F001A4A56 /* QYScrollViewDelegateSample */;
			targetProxy = CC407CCB1AAADE80001A4A56 /* PBXContainerItemProxy */;
		};
/* End PBXTargetDependency section */

/* Begin PBXVariantGroup section */
		CC407CB11AAADE7F001A4A56 /* InfoPlist.strings */ = {
			isa = PBXVariantGroup;
			children = (
				CC407CB21AAADE7F001A4A56 /* en */,
			);
			name = InfoPlist.strings;
			sourceTree = "<group>";
		};
		CC407CBA1AAADE7F001A4A56 /* Main.storyboard */ = {
			isa = PBXVariantGroup;
			children = (
				CC407CBB1AAADE7F001A4A56 /* Base */,
			);
			name = Main.storyboard;
			sourceTree = "<group>";
		};
		CC407CD01AAADE80001A4A56 /* InfoPlist.strings */ = {
			isa = PBXVariantGroup;
			children = (
				CC407CD11AAADE80001A4A56 /* en */,
			);
			name = InfoPlist.strings;
			sourceTree = "<group>";
		};
/* End PBXVariantGroup section */

/* Begin XCBuildConfiguration section */
		CC407CD51AAADE80001A4A56 /* Debug */ = {
			isa = XCBuildConfiguration;
			buildSettings = {
				ALWAYS_SEARCH_USER_PATHS = NO;
				CLANG_CXX_LANGUAGE_STANDARD = "gnu++0x";
				CLANG_CXX_LIBRARY = "libc++";
				CLANG_ENABLE_MODULES = YES;
				CLANG_ENABLE_OBJC_ARC = YES;
				CLANG_WARN_BOOL_CONVERSION = YES;
				CLANG_WARN_CONSTANT_CONVERSION = YES;
				CLANG_WARN_DIRECT_OBJC_ISA_USAGE = YES_ERROR;
				CLANG_WARN_EMPTY_BODY = YES;
				CLANG_WARN_ENUM_CONVERSION = YES;
				CLANG_WARN_INT_CONVERSION = YES;
				CLANG_WARN_OBJC_ROOT_CLASS = YES_ERROR;
				CLANG_WARN__DUPLICATE_METHOD_MATCH = YES;
				"CODE_SIGN_IDENTITY[sdk=iphoneos*]" = "iPhone Developer";
				COPY_PHASE_STRIP = NO;
				GCC_C_LANGUAGE_STANDARD = gnu99;
				GCC_DYNAMIC_NO_PIC = NO;
				GCC_OPTIMIZATION_LEVEL = 0;
				GCC_PREPROCESSOR_DEFINITIONS = (
					"DEBUG=1",
					"$(inherited)",
				);
				GCC_SYMBOLS_PRIVATE_EXTERN = NO;
				GCC_WARN_64_TO_32_BIT_CONVERSION = YES;
				GCC_WARN_ABOUT_RETURN_TYPE = YES_ERROR;
				GCC_WARN_UNDECLARED_SELECTOR = YES;
				GCC_WARN_UNINITIALIZED_AUTOS = YES_AGGRESSIVE;
				GCC_WARN_UNUSED_FUNCTION = YES;
				GCC_WARN_UNUSED_VARIABLE = YES;
				IPHONEOS_DEPLOYMENT_TARGET = 7.1;
				ONLY_ACTIVE_ARCH = YES;
				SDKROOT = iphoneos;
			};
			name = Debug;
		};
		CC407CD61AAADE80001A4A56 /* Release */ = {
			isa = XCBuildConfiguration;
			buildSettings = {
				ALWAYS_SEARCH_USER_PATHS = NO;
				CLANG_CXX_LANGUAGE_STANDARD = "gnu++0x";
				CLANG_CXX_LIBRARY = "libc++";
				CLANG_ENABLE_MODULES = YES;
				CLANG_ENABLE_OBJC_ARC = YES;
				CLANG_WARN_BOOL_CONVERSION = YES;
				CLANG_WARN_CONSTANT_CONVERSION = YES;
				CLANG_WARN_DIRECT_OBJC_ISA_USAGE = YES_ERROR;
				CLANG_WARN_EMPTY_BODY = YES;
				CLANG_WARN_ENUM_CONVERSION = YES;
				CLANG_WARN_INT_CONVERSION = YES;
				CLANG_WARN_OBJC_ROOT_CLASS = YES_ERROR;
				CLANG_WARN__DUPLICATE_METHOD_MATCH = YES;
				"CODE_SIGN_IDENTITY[sdk=iphoneos*]" = "iPhone Developer";
				COPY_PHASE_STRIP = YES;
				ENABLE_NS_ASSERTIONS = NO;
				GCC_C_LANGUAGE_STANDARD = gnu99;
				GCC_WARN_64_TO_32_BIT_CONVERSION = YES;
				GCC_WARN_ABOUT_RETURN_TYPE = YES_ERROR;
				GCC_WARN_UNDECLARED_SELECTOR = YES;
				GCC_WARN_UNINITIALIZED_AUTOS = YES_AGGRESSIVE;
				GCC_WARN_UNUSED_FUNCTION = YES;
				GCC_WARN_UNUSED_VARIABLE = YES;
				IPHONEOS_DEPLOYMENT_TARGET = 7.1;
				SDKROOT = iphoneos;
				VALIDATE_PRODUCT = YES;
			};
			name = Release;
		};
		CC407CD81AAADE80001A4A56 /* Debug */ = {
			isa = XCBuildConfiguration;
			buildSettings = {
				ASSETCATALOG_COMPILER_APPICON_NAME = AppIcon;
				ASSETCATALOG_COMPILER_LAUNCHIMAGE_NAME = LaunchImage;
				GCC_PRECOMPILE_PREFIX_HEADER = YES;
				GCC_PREFIX_HEADER = "QYScrollViewDelegateSample/QYScrollViewDelegateSample-Prefix.pch";
				INFOPLIST_FILE = "QYScrollViewDelegateSample/QYScrollViewDelegateSample-Info.plist";
				PRODUCT_NAME = "$(TARGET_NAME)";
				WRAPPER_EXTENSION = app;
			};
			name = Debug;
		};
		CC407CD91AAADE80001A4A56 /* Release */ = {
			isa = XCBuildConfiguration;
			buildSettings = {
				ASSETCATALOG_COMPILER_APPICON_NAME = AppIcon;
				ASSETCATALOG_COMPILER_LAUNCHIMAGE_NAME = LaunchImage;
				GCC_PRECOMPILE_PREFIX_HEADER = YES;
				GCC_PREFIX_HEADER = "QYScrollViewDelegateSample/QYScrollViewDelegateSample-Prefix.pch";
				INFOPLIST_FILE = "QYScrollViewDelegateSample/QYScrollViewDelegateSample-Info.plist";
				PRODUCT_NAME = "$(TARGET_NAME)";
				WRAPPER_EXTENSION = app;
			};
			name = Release;
		};
		CC407CDB1AAADE80001A4A56 /* Debug */ = {
			isa = XCBuildConfiguration;
			buildSettings = {
				BUNDLE_LOADER = "$(BUILT_PRODUCTS_DIR)/QYScrollViewDelegateSample.app/QYScrollViewDelegateSample";
				FRAMEWORK_SEARCH_PATHS = (
					"$(SDKROOT)/Developer/Library/Frameworks",
					"$(inherited)",
					"$(DEVELOPER_FRAMEWORKS_DIR)",
				);
				GCC_PRECOMPILE_PREFIX_HEADER = YES;
				GCC_PREFIX_HEADER = "QYScrollViewDelegateSample/QYScrollViewDelegateSample-Prefix.pch";
				GCC_PREPROCESSOR_DEFINITIONS = (
					"DEBUG=1",
					"$(inherited)",
				);
				INFOPLIST_FILE = "QYScrollViewDelegateSampleTests/QYScrollViewDelegateSampleTests-Info.plist";
				PRODUCT_NAME = "$(TARGET_NAME)";
				TEST_HOST = "$(BUNDLE_LOADER)";
				WRAPPER_EXTENSION = xctest;
			};
			name = Debug;
		};
		CC407CDC1AAADE80001A4A56 /* Release */ = {
			isa = XCBuildConfiguration;
			buildSettings = {
				BUNDLE_LOADER = "$(BUILT_PRODUCTS_DIR)/QYScrollViewDelegateSample.app/QYScrollViewDelegateSample";
				FRAMEWORK_SEARCH_PATHS = (
					"$(SDKROOT)/Developer/Library/Frameworks",
					"$(inherited)",
					"$(DEVELOPER_FRAMEWORKS_DIR)",
				);
				GCC_PRECOMPILE_PREFIX_HEADER = YES;
				GCC_PREFIX_HEADER = "QYScrollViewDelegateSample/QYScrollViewDelegateSample-Prefix.pch";
				INFOPLIST_FILE = "QYScrollViewDelegateSampleTests/QYScrollViewDelegateSampleTests-Info.plist";
				PRODUCT_NAME = "$(TARGET_NAME)";
				TEST_HOST = "$(BUNDLE_LOADER)";
				WRAPPER_EXTENSION = xctest;
			};
			name = Release;
		};
/* End XCBuildConfiguration section */

/* Begin XCConfigurationList section */
		CC407CA01AAADE7F001A4A56 /* Build configuration list for PBXProject "QYScrollViewDelegateSample" */ = {
			isa = XCConfigurationList;
			buildConfigurations = (
				CC407CD51AAADE80001A4A56 /* Debug */,
				CC407CD61AAADE80001A4A56 /* Release */,
			);
			defaultConfigurationIsVisible = 0;
			defaultConfigurationName = Release;
		};
		CC407CD71AAADE80001A4A56 /* Build configuration list for PBXNativeTarget "QYScrollViewDelegateSample" */ = {
			isa = XCConfigurationList;
			buildConfigurations = (
				CC407CD81AAADE80001A4A56 /* Debug */,
				CC407CD91AAADE80001A4A56 /* Release */,
			);
			defaultConfigurationIsVisible = 0;
			defaultConfigurationName = Release;
		};
		CC407CDA1AAADE80001A4A56 /* Build configuration list for PBXNativeTarget "QYScrollViewDelegateSampleTests" */ = {
			isa = XCConfigurationList;
			buildConfigurations = (
				CC407CDB1AAADE80001A4A56 /* Debug */,
				CC407CDC1AAADE80001A4A56 /* Release */,
			);
			defaultConfigurationIsVisible = 0;
			defaultConfigurationName = Release;
		};
/* End XCConfigurationList section */
	};
	rootObject = CC407C9D1AAADE7F001A4A56 /* Project object */;
}
